// !$*UTF8*$!
{
	archiveVersion = 1;
	classes = {
	};
	objectVersion = 50;
	objects = {

/* Begin PBXBuildFile section */
		409A2BEB233CA35100472234 /* AppDelegate.m in Sources */ = {isa = PBXBuildFile; fileRef = 409A2BEA233CA35100472234 /* AppDelegate.m */; };
		409A2BF1233CA35100472234 /* ViewController.m in Sources */ = {isa = PBXBuildFile; fileRef = 409A2BF0233CA35100472234 /* ViewController.m */; };
		409A2BF6233CA35300472234 /* Assets.xcassets in Resources */ = {isa = PBXBuildFile; fileRef = 409A2BF5233CA35300472234 /* Assets.xcassets */; };
		409A2BF9233CA35300472234 /* LaunchScreen.storyboard in Resources */ = {isa = PBXBuildFile; fileRef = 409A2BF7233CA35300472234 /* LaunchScreen.storyboard */; };
		409A2BFC233CA35300472234 /* main.m in Sources */ = {isa = PBXBuildFile; fileRef = 409A2BFB233CA35300472234 /* main.m */; };
		409A2C03233CA39300472234 /* LBUnderlineButton.podspec in Resources */ = {isa = PBXBuildFile; fileRef = 409A2C02233CA39300472234 /* LBUnderlineButton.podspec */; };
		409A2C07233CA3A400472234 /* LBUnderlineButton.m in Sources */ = {isa = PBXBuildFile; fileRef = 409A2C06233CA3A400472234 /* LBUnderlineButton.m */; };
/* End PBXBuildFile section */

/* Begin PBXFileReference section */
		409A2BE6233CA35100472234 /* LBUnderlineButtonExample.app */ = {isa = PBXFileReference; explicitFileType = wrapper.application; includeInIndex = 0; path = LBUnderlineButtonExample.app; sourceTree = BUILT_PRODUCTS_DIR; };
		409A2BE9233CA35100472234 /* AppDelegate.h */ = {isa = PBXFileReference; lastKnownFileType = sourcecode.c.h; path = AppDelegate.h; sourceTree = "<group>"; };
		409A2BEA233CA35100472234 /* AppDelegate.m */ = {isa = PBXFileReference; lastKnownFileType = sourcecode.c.objc; path = AppDelegate.m; sourceTree = "<group>"; };
		409A2BEF233CA35100472234 /* ViewController.h */ = {isa = PBXFileReference; lastKnownFileType = sourcecode.c.h; path = ViewController.h; sourceTree = "<group>"; };
		409A2BF0233CA35100472234 /* ViewController.m */ = {isa = PBXFileReference; lastKnownFileType = sourcecode.c.objc; path = ViewController.m; sourceTree = "<group>"; };
		409A2BF5233CA35300472234 /* Assets.xcassets */ = {isa = PBXFileReference; lastKnownFileType = folder.assetcatalog; path = Assets.xcassets; sourceTree = "<group>"; };
		409A2BF8233CA35300472234 /* Base */ = {isa = PBXFileReference; lastKnownFileType = file.storyboard; name = Base; path = Base.lproj/LaunchScreen.storyboard; sourceTree = "<group>"; };
		409A2BFA233CA35300472234 /* Info.plist */ = {isa = PBXFileReference; lastKnownFileType = text.plist.xml; path = Info.plist; sourceTree = "<group>"; };
		409A2BFB233CA35300472234 /* main.m */ = {isa = PBXFileReference; lastKnownFileType = sourcecode.c.objc; path = main.m; sourceTree = "<group>"; };
		409A2C02233CA39300472234 /* LBUnderlineButton.podspec */ = {isa = PBXFileReference; fileEncoding = 4; lastKnownFileType = text; path = LBUnderlineButton.podspec; sourceTree = "<group>"; };
		409A2C05233CA3A400472234 /* LBUnderlineButton.h */ = {isa = PBXFileReference; fileEncoding = 4; lastKnownFileType = sourcecode.c.h; path = LBUnderlineButton.h; sourceTree = "<group>"; };
		409A2C06233CA3A400472234 /* LBUnderlineButton.m */ = {isa = PBXFileReference; fileEncoding = 4; lastKnownFileType = sourcecode.c.objc; path = LBUnderlineButton.m; sourceTree = "<group>"; };
/* End PBXFileReference section */

/* Begin PBXFrameworksBuildPhase section */
		409A2BE3233CA35100472234 /* Frameworks */ = {
			isa = PBXFrameworksBuildPhase;
			buildActionMask = 2147483647;
			files = (
			);
			runOnlyForDeploymentPostprocessing = 0;
		};
/* End PBXFrameworksBuildPhase section */

/* Begin PBXGroup section */
		409A2BDD233CA35100472234 = {
			isa = PBXGroup;
			children = (
				409A2C02233CA39300472234 /* LBUnderlineButton.podspec */,
				409A2BE8233CA35100472234 /* LBUnderlineButtonExample */,
				409A2BE7233CA35100472234 /* Products */,
			);
			sourceTree = "<group>";
		};
		409A2BE7233CA35100472234 /* Products */ = {
			isa = PBXGroup;
			children = (
				409A2BE6233CA35100472234 /* LBUnderlineButtonExample.app */,
			);
			name = Products;
			sourceTree = "<group>";
		};
		409A2BE8233CA35100472234 /* LBUnderlineButtonExample */ = {
			isa = PBXGroup;
			children = (
				409A2C04233CA3A400472234 /* LBUnderlineButton */,
				409A2BE9233CA35100472234 /* AppDelegate.h */,
				409A2BEA233CA35100472234 /* AppDelegate.m */,
				409A2BEF233CA35100472234 /* ViewController.h */,
				409A2BF0233CA35100472234 /* ViewController.m */,
				409A2BF5233CA35300472234 /* Assets.xcassets */,
				409A2BF7233CA35300472234 /* LaunchScreen.storyboard */,
				409A2BFA233CA35300472234 /* Info.plist */,
				409A2BFB233CA35300472234 /* main.m */,
			);
			path = LBUnderlineButtonExample;
			sourceTree = "<group>";
		};
		409A2C04233CA3A400472234 /* LBUnderlineButton */ = {
			isa = PBXGroup;
			children = (
				409A2C05233CA3A400472234 /* LBUnderlineButton.h */,
				409A2C06233CA3A400472234 /* LBUnderlineButton.m */,
			);
			path = LBUnderlineButton;
			sourceTree = SOURCE_ROOT;
		};
/* End PBXGroup section */

/* Begin PBXNativeTarget section */
		409A2BE5233CA35100472234 /* LBUnderlineButtonExample */ = {
			isa = PBXNativeTarget;
			buildConfigurationList = 409A2BFF233CA35300472234 /* Build configuration list for PBXNativeTarget "LBUnderlineButtonExample" */;
			buildPhases = (
				409A2BE2233CA35100472234 /* Sources */,
				409A2BE3233CA35100472234 /* Frameworks */,
				409A2BE4233CA35100472234 /* Resources */,
			);
			buildRules = (
			);
			dependencies = (
			);
			name = LBUnderlineButtonExample;
			productName = LBUnderlineButtonExample;
			productReference = 409A2BE6233CA35100472234 /* LBUnderlineButtonExample.app */;
			productType = "com.apple.product-type.application";
		};
/* End PBXNativeTarget section */

/* Begin PBXProject section */
		409A2BDE233CA35100472234 /* Project object */ = {
			isa = PBXProject;
			attributes = {
				LastUpgradeCheck = 1100;
				ORGANIZATIONNAME = "刘彬";
				TargetAttributes = {
					409A2BE5233CA35100472234 = {
						CreatedOnToolsVersion = 11.0;
					};
				};
			};
			buildConfigurationList = 409A2BE1233CA35100472234 /* Build configuration list for PBXProject "LBUnderlineButtonExample" */;
			compatibilityVersion = "Xcode 9.3";
			developmentRegion = en;
			hasScannedForEncodings = 0;
			knownRegions = (
				en,
				Base,
			);
			mainGroup = 409A2BDD233CA35100472234;
			productRefGroup = 409A2BE7233CA35100472234 /* Products */;
			projectDirPath = "";
			projectRoot = "";
			targets = (
				409A2BE5233CA35100472234 /* LBUnderlineButtonExample */,
			);
		};
/* End PBXProject section */

/* Begin PBXResourcesBuildPhase section */
		409A2BE4233CA35100472234 /* Resources */ = {
			isa = PBXResourcesBuildPhase;
			buildActionMask = 2147483647;
			files = (
				409A2BF9233CA35300472234 /* LaunchScreen.storyboard in Resources */,
				409A2C03233CA39300472234 /* LBUnderlineButton.podspec in Resources */,
				409A2BF6233CA35300472234 /* Assets.xcassets in Resources */,
			);
			runOnlyForDeploymentPostprocessing = 0;
		};
/* End PBXResourcesBuildPhase section */

/* Begin PBXSourcesBuildPhase section */
		409A2BE2233CA35100472234 /* Sources */ = {
			isa = PBXSourcesBuildPhase;
			buildActionMask = 2147483647;
			files = (
				409A2BF1233CA35100472234 /* ViewController.m in Sources */,
				409A2BEB233CA35100472234 /* AppDelegate.m in Sources */,
				409A2C07233CA3A400472234 /* LBUnderlineButton.m in Sources */,
				409A2BFC233CA35300472234 /* main.m in Sources */,
			);
			runOnlyForDeploymentPostprocessing = 0;
		};
/* End PBXSourcesBuildPhase section */

/* Begin PBXVariantGroup section */
		409A2BF7233CA35300472234 /* LaunchScreen.storyboard */ = {
			isa = PBXVariantGroup;
			children = (
				409A2BF8233CA35300472234 /* Base */,
			);
			name = LaunchScreen.storyboard;
			sourceTree = "<group>";
		};
/* End PBXVariantGroup section */

/* Begin XCBuildConfiguration section */
		409A2BFD233CA35300472234 /* Debug */ = {
			isa = XCBuildConfiguration;
			buildSettings = {
				ALWAYS_SEARCH_USER_PATHS = NO;
				CLANG_ANALYZER_NONNULL = YES;
				CLANG_ANALYZER_NUMBER_OBJECT_CONVERSION = YES_AGGRESSIVE;
				CLANG_CXX_LANGUAGE_STANDARD = "gnu++14";
				CLANG_CXX_LIBRARY = "libc++";
				CLANG_ENABLE_MODULES = YES;
				CLANG_ENABLE_OBJC_ARC = YES;
				CLANG_ENABLE_OBJC_WEAK = YES;
				CLANG_WARN_BLOCK_CAPTURE_AUTORELEASING = YES;
				CLANG_WARN_BOOL_CONVERSION = YES;
				CLANG_WARN_COMMA = YES;
				CLANG_WARN_CONSTANT_CONVERSION = YES;
				CLANG_WARN_DEPRECATED_OBJC_IMPLEMENTATIONS = YES;
				CLANG_WARN_DIRECT_OBJC_ISA_USAGE = YES_ERROR;
				CLANG_WARN_DOCUMENTATION_COMMENTS = YES;
				CLANG_WARN_EMPTY_BODY = YES;
				CLANG_WARN_ENUM_CONVERSION = YES;
				CLANG_WARN_INFINITE_RECURSION = YES;
				CLANG_WARN_INT_CONVERSION = YES;
				CLANG_WARN_NON_LITERAL_NULL_CONVERSION = YES;
				CLANG_WARN_OBJC_IMPLICIT_RETAIN_SELF = YES;
				CLANG_WARN_OBJC_LITERAL_CONVERSION = YES;
				CLANG_WARN_OBJC_ROOT_CLASS = YES_ERROR;
				CLANG_WARN_RANGE_LOOP_ANALYSIS = YES;
				CLANG_WARN_STRICT_PROTOTYPES = YES;
				CLANG_WARN_SUSPICIOUS_MOVE = YES;
				CLANG_WARN_UNGUARDED_AVAILABILITY = YES_AGGRESSIVE;
				CLANG_WARN_UNREACHABLE_CODE = YES;
				CLANG_WARN__DUPLICATE_METHOD_MATCH = YES;
				COPY_PHASE_STRIP = NO;
				DEBUG_INFORMATION_FORMAT = dwarf;
				ENABLE_STRICT_OBJC_MSGSEND = YES;
				ENABLE_TESTABILITY = YES;
				GCC_C_LANGUAGE_STANDARD = gnu11;
				GCC_DYNAMIC_NO_PIC = NO;
				GCC_NO_COMMON_BLOCKS = YES;
				GCC_OPTIMIZATION_LEVEL = 0;
				GCC_PREPROCESSOR_DEFINITIONS = (
					"DEBUG=1",
					"$(inherited)",
				);
				GCC_WARN_64_TO_32_BIT_CONVERSION = YES;
				GCC_WARN_ABOUT_RETURN_TYPE = YES_ERROR;
				GCC_WARN_UNDECLARED_SELECTOR = YES;
				GCC_WARN_UNINITIALIZED_AUTOS = YES_AGGRESSIVE;
				GCC_WARN_UNUSED_FUNCTION = YES;
				GCC_WARN_UNUSED_VARIABLE = YES;
				IPHONEOS_DEPLOYMENT_TARGET = 13.0;
				MTL_ENABLE_DEBUG_INFO = INCLUDE_SOURCE;
				MTL_FAST_MATH = YES;
				ONLY_ACTIVE_ARCH = YES;
				SDKROOT = iphoneos;
			};
			name = Debug;
		};
		409A2BFE233CA35300472234 /* Release */ = {
			isa = XCBuildConfiguration;
			buildSettings = {
				ALWAYS_SEARCH_USER_PATHS = NO;
				CLANG_ANALYZER_NONNULL = YES;
				CLANG_ANALYZER_NUMBER_OBJECT_CONVERSION = YES_AGGRESSIVE;
				CLANG_CXX_LANGUAGE_STANDARD = "gnu++14";
				CLANG_CXX_LIBRARY = "libc++";
				CLANG_ENABLE_MODULES = YES;
				CLANG_ENABLE_OBJC_ARC = YES;
				CLANG_ENABLE_OBJC_WEAK = YES;
				CLANG_WARN_BLOCK_CAPTURE_AUTORELEASING = YES;
				CLANG_WARN_BOOL_CONVERSION = YES;
				CLANG_WARN_COMMA = YES;
				CLANG_WARN_CONSTANT_CONVERSION = YES;
				CLANG_WARN_DEPRECATED_OBJC_IMPLEMENTATIONS = YES;
				CLANG_WARN_DIRECT_OBJC_ISA_USAGE = YES_ERROR;
				CLANG_WARN_DOCUMENTATION_COMMENTS = YES;
				CLANG_WARN_EMPTY_BODY = YES;
				CLANG_WARN_ENUM_CONVERSION = YES;
				CLANG_WARN_INFINITE_RECURSION = YES;
				CLANG_WARN_INT_CONVERSION = YES;
				CLANG_WARN_NON_LITERAL_NULL_CONVERSION = YES;
				CLANG_WARN_OBJC_IMPLICIT_RETAIN_SELF = YES;
				CLANG_WARN_OBJC_LITERAL_CONVERSION = YES;
				CLANG_WARN_OBJC_ROOT_CLASS = YES_ERROR;
				CLANG_WARN_RANGE_LOOP_ANALYSIS = YES;
				CLANG_WARN_STRICT_PROTOTYPES = YES;
				CLANG_WARN_SUSPICIOUS_MOVE = YES;
				CLANG_WARN_UNGUARDED_AVAILABILITY = YES_AGGRESSIVE;
				CLANG_WARN_UNREACHABLE_CODE = YES;
				CLANG_WARN__DUPLICATE_METHOD_MATCH = YES;
				COPY_PHASE_STRIP = NO;
				DEBUG_INFORMATION_FORMAT = "dwarf-with-dsym";
				ENABLE_NS_ASSERTIONS = NO;
				ENABLE_STRICT_OBJC_MSGSEND = YES;
				GCC_C_LANGUAGE_STANDARD = gnu11;
				GCC_NO_COMMON_BLOCKS = YES;
				GCC_WARN_64_TO_32_BIT_CONVERSION = YES;
				GCC_WARN_ABOUT_RETURN_TYPE = YES_ERROR;
				GCC_WARN_UNDECLARED_SELECTOR = YES;
				GCC_WARN_UNINITIALIZED_AUTOS = YES_AGGRESSIVE;
				GCC_WARN_UNUSED_FUNCTION = YES;
				GCC_WARN_UNUSED_VARIABLE = YES;
				IPHONEOS_DEPLOYMENT_TARGET = 13.0;
				MTL_ENABLE_DEBUG_INFO = NO;
				MTL_FAST_MATH = YES;
				SDKROOT = iphoneos;
				VALIDATE_PRODUCT = YES;
			};
			name = Release;
		};
		409A2C00233CA35300472234 /* Debug */ = {
			isa = XCBuildConfiguration;
			buildSettings = {
				ASSETCATALOG_COMPILER_APPICON_NAME = AppIcon;
				CODE_SIGN_STYLE = Automatic;
				DEVELOPMENT_TEAM = 8L8YGY7ZJ2;
				INFOPLIST_FILE = LBUnderlineButtonExample/Info.plist;
				LD_RUNPATH_SEARCH_PATHS = (
					"$(inherited)",
					"@executable_path/Frameworks",
				);
				PRODUCT_BUNDLE_IDENTIFIER = "--.LBUnderlineButtonExample";
				PRODUCT_NAME = "$(TARGET_NAME)";
				TARGETED_DEVICE_FAMILY = "1,2";
			};
			name = Debug;
		};
		409A2C01233CA35300472234 /* Release */ = {
			isa = XCBuildConfiguration;
			buildSettings = {
				ASSETCATALOG_COMPILER_APPICON_NAME = AppIcon;
				CODE_SIGN_STYLE = Automatic;
				DEVELOPMENT_TEAM = 8L8YGY7ZJ2;
				INFOPLIST_FILE = LBUnderlineButtonExample/Info.plist;
				LD_RUNPATH_SEARCH_PATHS = (
					"$(inherited)",
					"@executable_path/Frameworks",
				);
				PRODUCT_BUNDLE_IDENTIFIER = "--.LBUnderlineButtonExample";
				PRODUCT_NAME = "$(TARGET_NAME)";
				TARGETED_DEVICE_FAMILY = "1,2";
			};
			name = Release;
		};
/* End XCBuildConfiguration section */

/* Begin XCConfigurationList section */
		409A2BE1233CA35100472234 /* Build configuration list for PBXProject "LBUnderlineButtonExample" */ = {
			isa = XCConfigurationList;
			buildConfigurations = (
				409A2BFD233CA35300472234 /* Debug */,
				409A2BFE233CA35300472234 /* Release */,
			);
			defaultConfigurationIsVisible = 0;
			defaultConfigurationName = Release;
		};
		409A2BFF233CA35300472234 /* Build configuration list for PBXNativeTarget "LBUnderlineButtonExample" */ = {
			isa = XCConfigurationList;
			buildConfigurations = (
				409A2C00233CA35300472234 /* Debug */,
				409A2C01233CA35300472234 /* Release */,
			);
			defaultConfigurationIsVisible = 0;
			defaultConfigurationName = Release;
		};
/* End XCConfigurationList section */
	};
	rootObject = 409A2BDE233CA35100472234 /* Project object */;
}
